
Microsoft Visual Studio Solution File, Format Version 12.00
# Visual Studio 15
VisualStudioVersion = 15.0.27130.2027
MinimumVisualStudioVersion = 10.0.40219.1
Project("{D2ABAB84-BF74-430A-B69E-9DC6D40DDA17}") = "PalumboBIP(BUSCISSQL\CISBI)", "<Server=buscissql\cisbi;Database=PalumboBIP;>", "{387A4FFB-583C-43CA-BC48-A4AD9455CC44}"
EndProject
Global
	GlobalSection(SolutionConfigurationPlatforms) = preSolution
		Development|Default = Development|Default
	EndGlobalSection
	GlobalSection(ProjectConfigurationPlatforms) = postSolution
		{387A4FFB-583C-43CA-BC48-A4AD9455CC44}.Development|Default.ActiveCfg = Development
	EndGlobalSection
	GlobalSection(SolutionProperties) = preSolution
		HideSolutionNode = FALSE
	EndGlobalSection
	GlobalSection(ExtensibilityGlobals) = postSolution
		SolutionGuid = {2953272A-044A-4412-BBBA-BF32EEAAA0A4}
	EndGlobalSection
EndGlobal
