
Microsoft Visual Studio Solution File, Format Version 12.00
# Visual Studio 15
VisualStudioVersion = 15.0.27130.2027
MinimumVisualStudioVersion = 10.0.40219.1
Project("{D2ABAB84-BF74-430A-B69E-9DC6D40DDA17}") = "PalumboASD(BUSCISSQL\CISBI)", "<Server=BUSCISSQL\CISBI;Database=PalumboASD;>", "{7DB9DB27-E7BC-4DD8-A7D4-BE0E2E6727C6}"
EndProject
Global
	GlobalSection(SolutionConfigurationPlatforms) = preSolution
		Development|Default = Development|Default
	EndGlobalSection
	GlobalSection(ProjectConfigurationPlatforms) = postSolution
		{7DB9DB27-E7BC-4DD8-A7D4-BE0E2E6727C6}.Development|Default.ActiveCfg = Development
	EndGlobalSection
	GlobalSection(SolutionProperties) = preSolution
		HideSolutionNode = FALSE
	EndGlobalSection
	GlobalSection(ExtensibilityGlobals) = postSolution
		SolutionGuid = {263EA96B-4C75-439A-91F4-578B06C0E8DC}
	EndGlobalSection
EndGlobal
