
Microsoft Visual Studio Solution File, Format Version 12.00
# Visual Studio 15
VisualStudioVersion = 15.0.27130.2027
MinimumVisualStudioVersion = 10.0.40219.1
Project("{D2ABAB84-BF74-430A-B69E-9DC6D40DDA17}") = "PalumboMidtermASD(BUSCISSQL\CISBI)", "<Server=buscissql\cisbi;Database=PalumboMidtermASD;>", "{5770A240-CD74-458D-B90B-C4CC0BB3E7D7}"
EndProject
Global
	GlobalSection(SolutionConfigurationPlatforms) = preSolution
		Development|Default = Development|Default
	EndGlobalSection
	GlobalSection(ProjectConfigurationPlatforms) = postSolution
		{5770A240-CD74-458D-B90B-C4CC0BB3E7D7}.Development|Default.ActiveCfg = Development
	EndGlobalSection
	GlobalSection(SolutionProperties) = preSolution
		HideSolutionNode = FALSE
	EndGlobalSection
	GlobalSection(ExtensibilityGlobals) = postSolution
		SolutionGuid = {8A283D49-2752-469B-8715-168EC71510C8}
	EndGlobalSection
EndGlobal
